
Microsoft Visual Studio Solution File, Format Version 12.00
# Visual Studio Version 17
VisualStudioVersion = 17.0.31903.59
MinimumVisualStudioVersion = 10.0.40219.1
Project("{2150E333-8FDC-42A3-9474-1A3956D46DE8}") = "src", "src", "{D3B53B55-6F6F-4A2C-B23D-C72808FA297B}"
EndProject
Project("{FAE04EC0-301F-11D3-BF4B-00C04F79EFBC}") = "IdentityServer", "src\IdentityServer\IdentityServer.csproj", "{CE65A951-550E-4C8B-A4BB-645E71CC46DB}"
EndProject
Project("{FAE04EC0-301F-11D3-BF4B-00C04F79EFBC}") = "Api", "src\Api\Api.csproj", "{015A083D-0B31-46BC-B9D4-3536AD661627}"
EndProject
Project("{FAE04EC0-301F-11D3-BF4B-00C04F79EFBC}") = "Client", "src\Client\Client.csproj", "{AF24AB85-C0D7-4206-AD95-374C4BCAF0E9}"
EndProject
Project("{FAE04EC0-301F-11D3-BF4B-00C04F79EFBC}") = "MvcClient", "src\MvcClient\MvcClient.csproj", "{E78EB2E0-4EFB-4A03-A396-86A7BB9523D7}"
EndProject
Global
	GlobalSection(SolutionConfigurationPlatforms) = preSolution
		Debug|Any CPU = Debug|Any CPU
		Release|Any CPU = Release|Any CPU
	EndGlobalSection
	GlobalSection(SolutionProperties) = preSolution
		HideSolutionNode = FALSE
	EndGlobalSection
	GlobalSection(ProjectConfigurationPlatforms) = postSolution
		{CE65A951-550E-4C8B-A4BB-645E71CC46DB}.Debug|Any CPU.ActiveCfg = Debug|Any CPU
		{CE65A951-550E-4C8B-A4BB-645E71CC46DB}.Debug|Any CPU.Build.0 = Debug|Any CPU
		{CE65A951-550E-4C8B-A4BB-645E71CC46DB}.Release|Any CPU.ActiveCfg = Release|Any CPU
		{CE65A951-550E-4C8B-A4BB-645E71CC46DB}.Release|Any CPU.Build.0 = Release|Any CPU
		{015A083D-0B31-46BC-B9D4-3536AD661627}.Debug|Any CPU.ActiveCfg = Debug|Any CPU
		{015A083D-0B31-46BC-B9D4-3536AD661627}.Debug|Any CPU.Build.0 = Debug|Any CPU
		{015A083D-0B31-46BC-B9D4-3536AD661627}.Release|Any CPU.ActiveCfg = Release|Any CPU
		{015A083D-0B31-46BC-B9D4-3536AD661627}.Release|Any CPU.Build.0 = Release|Any CPU
		{AF24AB85-C0D7-4206-AD95-374C4BCAF0E9}.Debug|Any CPU.ActiveCfg = Debug|Any CPU
		{AF24AB85-C0D7-4206-AD95-374C4BCAF0E9}.Debug|Any CPU.Build.0 = Debug|Any CPU
		{AF24AB85-C0D7-4206-AD95-374C4BCAF0E9}.Release|Any CPU.ActiveCfg = Release|Any CPU
		{AF24AB85-C0D7-4206-AD95-374C4BCAF0E9}.Release|Any CPU.Build.0 = Release|Any CPU
		{E78EB2E0-4EFB-4A03-A396-86A7BB9523D7}.Debug|Any CPU.ActiveCfg = Debug|Any CPU
		{E78EB2E0-4EFB-4A03-A396-86A7BB9523D7}.Debug|Any CPU.Build.0 = Debug|Any CPU
		{E78EB2E0-4EFB-4A03-A396-86A7BB9523D7}.Release|Any CPU.ActiveCfg = Release|Any CPU
		{E78EB2E0-4EFB-4A03-A396-86A7BB9523D7}.Release|Any CPU.Build.0 = Release|Any CPU
	EndGlobalSection
	GlobalSection(NestedProjects) = preSolution
		{CE65A951-550E-4C8B-A4BB-645E71CC46DB} = {D3B53B55-6F6F-4A2C-B23D-C72808FA297B}
		{015A083D-0B31-46BC-B9D4-3536AD661627} = {D3B53B55-6F6F-4A2C-B23D-C72808FA297B}
		{AF24AB85-C0D7-4206-AD95-374C4BCAF0E9} = {D3B53B55-6F6F-4A2C-B23D-C72808FA297B}
		{E78EB2E0-4EFB-4A03-A396-86A7BB9523D7} = {D3B53B55-6F6F-4A2C-B23D-C72808FA297B}
	EndGlobalSection
EndGlobal
